{
    "_meta": {
        "hash": {
            "sha256": "528716b96145414fe0012eee9d0c93e3c2ebba7cb6f886d4556ca06163590a53"
        },
        "pipfile-spec": 6,
        "requires": {
            "python_version": "3.13"
        },
        "sources": [
            {
                "name": "pypi",
                "url": "https://pypi.org/simple",
                "verify_ssl": true
            }
        ]
    },
    "default": {
        "colour": {
            "hashes": [
                "sha256:33f6db9d564fadc16e59921a56999b79571160ce09916303d35346dddc17978c",
                "sha256:af20120fefd2afede8b001fbef2ea9da70ad7d49fafdb6489025dae8745c3aee"
            ],
            "index": "pypi",
            "version": "==0.1.5"
        },
        "hidapi": {
            "hashes": [
                "sha256:005c84c74c940a314b211674edc763a931ace0b63685ace88148496f563e25f9",
                "sha256:04e0c1ed6d742bc6e1d00599394bec6b2afb8ee2fc5a0a183d3c4c2d4e315c34",
                "sha256:0608a882f06d7f37e0f1786e255e9a8b1e2386fdb8f9fb9d209b82682551f4b8",
                "sha256:06fbcd7696ad768d7e9500b64e2ae742b5d90a2531b5aa8d355c0f049516a09d",
                "sha256:0a6bb079bcd5152dd8968893aecdcbde3954b849896078f54df2254c0d1f301e",
                "sha256:0b7eb950214191c936b5bdabaeaf1cab99c0dfc3ae3edc220e3c6d4547296053",
                "sha256:1c4e707c82629637a311fa1a7adc1ae1386de7b539e84b4e37125e52e449318d",
                "sha256:1fa3e792987d4b7ed66d785491307e23d4f09d3636f8a23665a9694c43e92409",
                "sha256:208c7fc89f78c3448d55957c3e12893778aa91218ed7dc22697e554f091fe4fe",
                "sha256:221e3a0c181503061bfc4a672eccd9f86b1da1167b31914be00d919edfd6e1bf",
                "sha256:27933e7f3da7007e5e8d0b25bcf48a79a74e802555e496bba2c7d87f8a77cd61",
                "sha256:27d288d405bd4abedd047eefb9c4ab797d232454b35e17e7b61a03edf70c64e8",
                "sha256:28e2d94d0f08e2a63ede843aa58386e0dcf1aecdc730a30f9c47535cd77d9017",
                "sha256:2c35bd9cc62227ec91047e36b260f75bdbf50814f3cf3c3b28648ac3ffabd9d7",
                "sha256:2f16e9ea8a1d24ac7a6bf316905823eafd58f78ec815a93118d4710faf95a224",
                "sha256:2f4516343baed032c2768d1074a3534fce783a06381314e99a575e945df35dbd",
                "sha256:35eb5797d86306bd67aee80ad8973ab0a0b4e6d54018d3efb328767d0e8c9373",
                "sha256:3d220314975b99a083f4ee21abfd796a9ceeb99cbf3487a41c5eb80269102a4a",
                "sha256:47e4e3b1fccd338be4d2429b66b52b3470c8c67c4a9f35a6c21ef41cbe3a0fa2",
                "sha256:48e79274384c23b250bc95016c8aa6497cf0a23b3a112d05376cbf5ace266886",
                "sha256:4b7b6207c1c7df3524e9d4019c7196547327636e9924010b9b0bf0c40029e329",
                "sha256:4f7a710df215ea3b53a81029488f78e7303b83f01a2e8478db20d7c9756588dd",
                "sha256:51532033b67e4a8a839d747c903ee3dfd2ac7d7a5af27fd6409effe8edbb7df6",
                "sha256:53d018e6ac639a217c019c6dcd79a1d30c2401ac7a8147eedd11f2aa29307661",
                "sha256:541c85b8225ce19b38ceacd404283ca1857345ccfa7ca12f54131203ff2d7f75",
                "sha256:5b9f6d2f3bc15c718d8e2ce349d2d019a0fcc343ed1a705a91d0f1c7e792d6ea",
                "sha256:6106d10873c1e465a2764e979fb96ec0d16bb926eedac829310830f90816cc76",
                "sha256:68cb85467151a3d4aa6ab4e11ca89a87c2404a778dbccb8fb5ae51e998133bb3",
                "sha256:6ef0f80b2ff32ba446c9a2d4bfca6623ab5f0c05d742a0161ea1f7af2dc33b12",
                "sha256:74900b5c7e884e0e4316d4deb746e5dd294b5aaaf90eac056c4f9f19cf2c8097",
                "sha256:75c2d3b83a8300953653ddd7f5190d5ee6072d4a6ee5944db47e92d97344ed92",
                "sha256:76236468509dfcb256fa0fbd5a73708c598b3819695b7d08499ae489c82116b6",
                "sha256:77f0965ca81a9be44694e84aa18e501d5cda49e372202a38a52d22acc38deadd",
                "sha256:788e16711a4530a2a7a8a4cd942f7250fa7f907a3be892b11d8eb51ec697739a",
                "sha256:8017f2213810c3e57d9ab64c2328c593a1129b25804240108a6451fe35cde193",
                "sha256:81de6b5fcb4fbbbfc71c6d201a2ac6914d1d86e51930ffde5f96faf50e922473",
                "sha256:8466260e6a334f7743dc0646abf39ad68afc2be7b3e76d0313d4afe1146beca8",
                "sha256:89f909a6783307c2f067e8e7948f38ec43386f15d04759d11e5b32e3b2fdf3d8",
                "sha256:8f7ca38699557ab057333f1628a346073ae6088c09897b2cd9fbc68f4896780c",
                "sha256:901c03817306eac7edd589f09e0e07467871b45f665949cc4caa645b54abc97b",
                "sha256:908e4b8c35041aa800b51094fd9fbaa5d6161bfb71e55821f43c6433f54e2865",
                "sha256:90f8bd963ae43a44036af5d689d090fab0e3eb52861186e4d2b863dd910a2726",
                "sha256:91b43099b123363c8935a264acffb4c7e5c8dba3390f9b2bf19ff76597677a31",
                "sha256:9abc71a62bf8a8f1d70a6fd3613f86feb37ddb67e05ed934e734df79e27bf4f6",
                "sha256:a11ef4b5ab0a2f36e35f44af394bff41cb645b03ce36c5b2f2c00873f112661f",
                "sha256:aefc2afd146733e3ec8b33474bfb832c9281dd106309a216a20bade19dc0e95f",
                "sha256:b0e1781f7fb8b4015e318d839d66fa79e98900d53900e31d04edb336e0103846",
                "sha256:b0f4411fd479345ca86742d9dda77200476a902749d8e47ed438f31ec98af418",
                "sha256:b2de66142cf780ee7c797b7c35e488d67bccdf2de98178ac12a4038c490c44ea",
                "sha256:b676f6cb2c4990ea56c8de1f154582d1fb8cfc44bc9c6522a3182df080bdb128",
                "sha256:bc61ab7f45dddbb2df2fca93565c575c0b035337d1e13ce2868c092ff24e9c47",
                "sha256:bda6ce04a77662e77a4b6b2598211935ca281e1cf663248d54bce75bd684fed8",
                "sha256:c36895abaef3a4004af6c5020ca214fcdacb2a491e4cde5576afbb1dad903548",
                "sha256:c49aa659ecfe46a93a7057bca42208bfd123c2fcbdfd4a28eb1f9b8189260b68",
                "sha256:c5f7ee9ce8e3373fdb7002497f16bc652d9d4acf20c91275877f55165caf6f0c",
                "sha256:cb835b81624a72830e5ebebde26b93ab5ee812de648386a47d13dfbf64b348c7",
                "sha256:cc99bb16b359023190bf857297f6492a1c8441ccacff66dac881c9e278f5c262",
                "sha256:cce33c262ad86a84b741d8f1c6e87eb8a98e424f6c2f9ebdf9a4a9b72b7ad214",
                "sha256:cd6edc7af885755163f4ffb29639c14f8a4ad5cca13ed641e47aa11f9646d8b6",
                "sha256:ce6f99554dae15c48cd89a12d5aede77a92a8bd184b45d0b257a17c97e053cdb",
                "sha256:cea09ccc3efa5b92ab18d3ae8636836edce2c421d67ed4409761da090e230e5a",
                "sha256:cfdbc74d5c4b5fdeef58a246d80f7dbf4ca33fe741c889505a4a350dd2eb54fb",
                "sha256:d358744d2a68d04df435f1838fd6d3c000cac5e2e668aba50e3e25fb2eb6ca75",
                "sha256:d80c745d285dfc9889e856226daa8eee6f9e83025ef2cb97e5fe0b1396f7818a",
                "sha256:d93f7173dcbec61b928f4cf800bf26535f81ef3b7bd89199237207f6ca7e4f43",
                "sha256:dacf0b9e5d776fde69b92d68c09ab878a09486629e1fe8e6ae851252b0f33ce5",
                "sha256:df0dd435562654e27ad0c7d045074eb1e1e016b09167dd48a258dec1ce4b9127",
                "sha256:e283c3e9255850d66152adbf580744d38c840d399141b98d64d359cb97cbc128",
                "sha256:e384430363d400c4ffb33fe65f22a61c9f288a870158dc5a9f5c9d917b7250c7",
                "sha256:e47d4fe13ddfc63fd1961974e10f3c7d50a57ae0bb73974e465cfe95dad5da18",
                "sha256:e4bf11067d290a7f45c0be73232093820ab62954aad4dbc77884cf6b87a11d84",
                "sha256:e4ddb57e71e2b8aca2c685b94b8587dc7d7cfae3c529a7c4076ba0775eb28d4a",
                "sha256:ecbc265cbe8b7b88755f421e0ba25f084091ec550c2b90ff9e8ddd4fcd540311",
                "sha256:ef3b43b1a4d4df8ea542487cda888138eaac4707db46bbca0f7bb78d97a06323",
                "sha256:f336dd2dc308928d54a6fdce137814a941a3633ad6722919d7a3142dd99005c2",
                "sha256:f39917c9e9bea895384b1a8869159d808b4a53561af9b4f7c3148bdf6bfd97a0",
                "sha256:f4d294fcd2551fb5b41d5f478a08e8945382e1d86d7d40320d02594922d6b667",
                "sha256:f90042665e0a23613938bfd0f51ce9c37143b954f00ad02d40a33553397bcf73",
                "sha256:f9356fffebf723ccfbf0f9370d3725de37b3e2f1f6bffc40c3466f854542861c",
                "sha256:fd082e13ca92bbd7a4ec65d9fbd9ef06ecd71798ce9f036b7144b3d498623a7e",
                "sha256:fd32f311633fad21a52e750775cd4ea23da912199c63d1331f4d8ae00ab0874b"
            ],
            "index": "pypi",
            "version": "==0.15.0"
        }
    },
    "develop": {}
}
